
Microsoft Visual Studio Solution File, Format Version 11.00
# Visual Basic Express 2010
Project("{F184B08F-C81C-45F6-A57F-5ABD9991F28F}") = "Drinks", "Drinks.vbproj", "{46E0E824-4237-437B-B423-42723E05593C}"
EndProject
Global
	GlobalSection(SolutionConfigurationPlatforms) = preSolution
		Debug|x86 = Debug|x86
		Release|x86 = Release|x86
	EndGlobalSection
	GlobalSection(ProjectConfigurationPlatforms) = postSolution
		{46E0E824-4237-437B-B423-42723E05593C}.Debug|x86.ActiveCfg = Debug|x86
		{46E0E824-4237-437B-B423-42723E05593C}.Debug|x86.Build.0 = Debug|x86
		{46E0E824-4237-437B-B423-42723E05593C}.Release|x86.ActiveCfg = Release|x86
		{46E0E824-4237-437B-B423-42723E05593C}.Release|x86.Build.0 = Release|x86
	EndGlobalSection
	GlobalSection(SolutionProperties) = preSolution
		HideSolutionNode = FALSE
	EndGlobalSection
EndGlobal
